
Microsoft Visual Studio Solution File, Format Version 12.00
# Visual Studio 14
VisualStudioVersion = 14.0.24720.0
MinimumVisualStudioVersion = 10.0.40219.1
Project("{FAE04EC0-301F-11D3-BF4B-00C04F79EFBC}") = "PopArtMoodLight", "PopArtMoodLight\PopArtMoodLight\PopArtMoodLight.csproj", "{9F7BAA88-A6FF-40F7-8B9F-9A5A533262A0}"
EndProject
Project("{96E2B04D-8817-42C6-938A-82C39BA4D311}") = "PopArtMoodLightContent", "PopArtMoodLight\PopArtMoodLightContent\PopArtMoodLightContent.contentproj", "{30530F3E-3B3F-46FF-9F7C-63C772C8F531}"
EndProject
Global
	GlobalSection(SolutionConfigurationPlatforms) = preSolution
		Debug|x86 = Debug|x86
		Release|x86 = Release|x86
	EndGlobalSection
	GlobalSection(ProjectConfigurationPlatforms) = postSolution
		{9F7BAA88-A6FF-40F7-8B9F-9A5A533262A0}.Debug|x86.ActiveCfg = Debug|x86
		{9F7BAA88-A6FF-40F7-8B9F-9A5A533262A0}.Debug|x86.Build.0 = Debug|x86
		{9F7BAA88-A6FF-40F7-8B9F-9A5A533262A0}.Release|x86.ActiveCfg = Release|x86
		{9F7BAA88-A6FF-40F7-8B9F-9A5A533262A0}.Release|x86.Build.0 = Release|x86
		{30530F3E-3B3F-46FF-9F7C-63C772C8F531}.Debug|x86.ActiveCfg = Debug|x86
		{30530F3E-3B3F-46FF-9F7C-63C772C8F531}.Release|x86.ActiveCfg = Release|x86
	EndGlobalSection
	GlobalSection(SolutionProperties) = preSolution
		HideSolutionNode = FALSE
	EndGlobalSection
EndGlobal
